
Microsoft Visual Studio Solution File, Format Version 12.00
# Visual Studio Version 16
VisualStudioVersion = 16.0.30320.27
MinimumVisualStudioVersion = 10.0.40219.1
Project("{FAE04EC0-301F-11D3-BF4B-00C04F79EFBC}") = "Hotel Management System", "Hotel Management System.csproj", "{5DE682E0-E8EC-47F9-AC48-33A86968AD3F}"
EndProject
Global
	GlobalSection(SolutionConfigurationPlatforms) = preSolution
		Debug|Any CPU = Debug|Any CPU
		Release|Any CPU = Release|Any CPU
	EndGlobalSection
	GlobalSection(ProjectConfigurationPlatforms) = postSolution
		{5DE682E0-E8EC-47F9-AC48-33A86968AD3F}.Debug|Any CPU.ActiveCfg = Debug|Any CPU
		{5DE682E0-E8EC-47F9-AC48-33A86968AD3F}.Debug|Any CPU.Build.0 = Debug|Any CPU
		{5DE682E0-E8EC-47F9-AC48-33A86968AD3F}.Release|Any CPU.ActiveCfg = Release|Any CPU
		{5DE682E0-E8EC-47F9-AC48-33A86968AD3F}.Release|Any CPU.Build.0 = Release|Any CPU
	EndGlobalSection
	GlobalSection(SolutionProperties) = preSolution
		HideSolutionNode = FALSE
	EndGlobalSection
	GlobalSection(ExtensibilityGlobals) = postSolution
		SolutionGuid = {F4E825F8-D937-4AC5-9A4F-47B733CE7108}
	EndGlobalSection
EndGlobal
